{
    "_readme": [
        "This file locks the dependencies of your project to a known state",
        "Read more about it at https://getcomposer.org/doc/01-basic-usage.md#composer-lock-the-lock-file",
        "This file is @generated automatically"
    ],
    "content-hash": "1f85e4426f4e321d0ed1669a98e41664",
    "packages": [
        {
            "name": "aferrandini/phpqrcode",
            "version": "1.0.1",
            "source": {
                "type": "git",
                "url": "https://github.com/aferrandini/PHPQRCode.git",
                "reference": "3c1c0454d43710ab5bbe19a51ad4cb41c22e3d46"
            },
            "dist": {
                "type": "zip",
                "url": "https://packagist.phpcomposer.com/files/aferrandini/PHPQRCode/3c1c0454d43710ab5bbe19a51ad4cb41c22e3d46.zip",
                "reference": "3c1c0454d43710ab5bbe19a51ad4cb41c22e3d46",
                "shasum": ""
            },
            "require": {
                "php": ">=5.3.0"
            },
            "type": "library",
            "autoload": {
                "psr-0": {
                    "PHPQRCode": "lib/"
                }
            },
            "notification-url": "https://packagist.org/downloads/",
            "license": [
                "MIT"
            ],
            "authors": [
                {
                    "name": "Ariel Ferrandini",
                    "email": "arielferrandini@gmail.com",
                    "homepage": "http://www.ferrandini.com/",
                    "role": "Developer"
                }
            ],
            "description": "PHPQRCode porting and changed for PHP 5.3 compatibility",
            "homepage": "https://github.com/aferrandini/PHPQRCode",
            "keywords": [
                "barcode",
                "php",
                "qrcode"
            ],
            "time": "2013-07-08T09:39:08+00:00"
        },
        {
            "name": "faysoft/cms",
            "version": "0.1.2",
            "source": {
                "type": "git",
                "url": "https://github.com/fayfox/cms.git",
                "reference": "9976926f2f8a600bdd774ce80d39286d30b74007"
            },
            "dist": {
                "type": "zip",
                "url": "https://packagist.phpcomposer.com/files/fayfox/cms/9976926f2f8a600bdd774ce80d39286d30b74007.zip",
                "reference": "9976926f2f8a600bdd774ce80d39286d30b74007",
                "shasum": ""
            },
            "require": {
                "aferrandini/phpqrcode": "*",
                "faysoft/fay": "*",
                "php": ">=5.3.3",
                "phpmailer/phpmailer": "*",
                "phpspec/php-diff": "*"
            },
            "type": "project",
            "autoload": {
                "psr-4": {
                    "cms\\": ""
                }
            },
            "notification-url": "https://packagist.org/downloads/",
            "license": [
                "MIT"
            ],
            "authors": [
                {
                    "name": "Fayfox",
                    "email": "admin@fayfox.com",
                    "homepage": "http://www.fayfox.com"
                }
            ],
            "description": "Faycms后台及公共接口",
            "keywords": [
                "cms",
                "faycms",
                "faysoft"
            ],
            "time": "2017-01-14T06:04:17+00:00"
        },
        {
            "name": "faysoft/fay",
            "version": "0.2.2",
            "source": {
                "type": "git",
                "url": "https://github.com/fayfox/fay.git",
                "reference": "951652d67c5a1d055a24d0678aba511b70932722"
            },
            "dist": {
                "type": "zip",
                "url": "https://packagist.phpcomposer.com/files/fayfox/fay/951652d67c5a1d055a24d0678aba511b70932722.zip",
                "reference": "951652d67c5a1d055a24d0678aba511b70932722",
                "shasum": ""
            },
            "require": {
                "ext-gd": "*",
                "ext-mbstring": "*",
                "gregwar/captcha": "1.*",
                "michelf/php-markdown": "*",
                "php": ">=5.3.3",
                "qiniu/php-sdk": "*"
            },
            "type": "library",
            "autoload": {
                "psr-4": {
                    "fay\\": ""
                },
                "files": [
                    "F.php"
                ]
            },
            "notification-url": "https://packagist.org/downloads/",
            "license": [
                "MIT"
            ],
            "authors": [
                {
                    "name": "Fayfox",
                    "email": "admin@fayfox.com",
                    "homepage": "http://www.fayfox.com"
                }
            ],
            "description": "Faycms框架部分",
            "keywords": [
                "fay",
                "faycms",
                "faysoft"
            ],
            "time": "2017-01-14T06:02:47+00:00"
        },
        {
            "name": "gregwar/captcha",
            "version": "v1.1.1",
            "source": {
                "type": "git",
                "url": "https://github.com/Gregwar/Captcha.git",
                "reference": "1240ab993ca713680573b2d4166900da5f758623"
            },
            "dist": {
                "type": "zip",
                "url": "https://packagist.phpcomposer.com/files/Gregwar/Captcha/1240ab993ca713680573b2d4166900da5f758623.zip",
                "reference": "1240ab993ca713680573b2d4166900da5f758623",
                "shasum": ""
            },
            "require": {
                "ext-gd": "*",
                "php": ">=5.3.0"
            },
            "type": "captcha",
            "autoload": {
                "psr-4": {
                    "Gregwar\\Captcha\\": "/"
                }
            },
            "notification-url": "https://packagist.org/downloads/",
            "license": [
                "MIT"
            ],
            "authors": [
                {
                    "name": "Grégoire Passault",
                    "email": "g.passault@gmail.com",
                    "homepage": "http://www.gregwar.com/"
                },
                {
                    "name": "Jeremy Livingston",
                    "email": "jeremy.j.livingston@gmail.com"
                }
            ],
            "description": "Captcha generator",
            "homepage": "https://github.com/Gregwar/Captcha",
            "keywords": [
                "bot",
                "captcha",
                "spam"
            ],
            "time": "2015-09-11T15:23:20+00:00"
        },
        {
            "name": "icap/html-diff",
            "version": "v1.1.0",
            "source": {
                "type": "git",
                "url": "https://github.com/iCAPLyon1/HtmlDiff.git",
                "reference": "f58ddb196292ae585a2efb7692653d015ecc436f"
            },
            "dist": {
                "type": "zip",
                "url": "https://files.phpcomposer.com/files/iCAPLyon1/HtmlDiff/f58ddb196292ae585a2efb7692653d015ecc436f.zip",
                "reference": "f58ddb196292ae585a2efb7692653d015ecc436f",
                "shasum": ""
            },
            "require": {
                "php": ">=5.3.0"
            },
            "require-dev": {
                "php": ">=5.3.0"
            },
            "type": "library",
            "autoload": {
                "psr-4": {
                    "Icap\\HtmlDiff\\": "src/Icap/HtmlDiff"
                }
            },
            "notification-url": "https://packagist.org/downloads/",
            "authors": [
                {
                    "name": "Panagiotis Tsavdaris",
                    "email": "ptsavdar@gmail.com"
                },
                {
                    "name": "ICAP development team",
                    "homepage": "https://github.com/iCAPLyon1"
                }
            ],
            "description": "A PHP5 library that diffs (compares) HTML files.",
            "keywords": [
                "daisy diff",
                "html diff"
            ],
            "time": "2016-02-17T16:35:09+00:00"
        },
        {
            "name": "michelf/php-markdown",
            "version": "1.7.0",
            "source": {
                "type": "git",
                "url": "https://github.com/michelf/php-markdown.git",
                "reference": "1f51cc520948f66cd2af8cbc45a5ee175e774220"
            },
            "dist": {
                "type": "zip",
                "url": "https://packagist.phpcomposer.com/files/michelf/php-markdown/1f51cc520948f66cd2af8cbc45a5ee175e774220.zip",
                "reference": "1f51cc520948f66cd2af8cbc45a5ee175e774220",
                "shasum": ""
            },
            "require": {
                "php": ">=5.3.0"
            },
            "type": "library",
            "extra": {
                "branch-alias": {
                    "dev-lib": "1.4.x-dev"
                }
            },
            "autoload": {
                "psr-0": {
                    "Michelf": ""
                }
            },
            "notification-url": "https://packagist.org/downloads/",
            "license": [
                "BSD-3-Clause"
            ],
            "authors": [
                {
                    "name": "Michel Fortin",
                    "email": "michel.fortin@michelf.ca",
                    "homepage": "https://michelf.ca/",
                    "role": "Developer"
                },
                {
                    "name": "John Gruber",
                    "homepage": "https://daringfireball.net/"
                }
            ],
            "description": "PHP Markdown",
            "homepage": "https://michelf.ca/projects/php-markdown/",
            "keywords": [
                "markdown"
            ],
            "time": "2016-10-29T18:58:20+00:00"
        },
        {
            "name": "phpmailer/phpmailer",
            "version": "v5.2.22",
            "source": {
                "type": "git",
                "url": "https://github.com/PHPMailer/PHPMailer.git",
                "reference": "b18cb98131bd83103ccb26a888fdfe3177b8a663"
            },
            "dist": {
                "type": "zip",
                "url": "https://packagist.phpcomposer.com/files/PHPMailer/PHPMailer/b18cb98131bd83103ccb26a888fdfe3177b8a663.zip",
                "reference": "b18cb98131bd83103ccb26a888fdfe3177b8a663",
                "shasum": ""
            },
            "require": {
                "php": ">=5.0.0"
            },
            "require-dev": {
                "phpdocumentor/phpdocumentor": "*",
                "phpunit/phpunit": "4.7.*"
            },
            "suggest": {
                "league/oauth2-google": "Needed for Google XOAUTH2 authentication"
            },
            "type": "library",
            "autoload": {
                "classmap": [
                    "class.phpmailer.php",
                    "class.phpmaileroauth.php",
                    "class.phpmaileroauthgoogle.php",
                    "class.smtp.php",
                    "class.pop3.php",
                    "extras/EasyPeasyICS.php",
                    "extras/ntlm_sasl_client.php"
                ]
            },
            "notification-url": "https://packagist.org/downloads/",
            "license": [
                "LGPL-2.1"
            ],
            "authors": [
                {
                    "name": "Jim Jagielski",
                    "email": "jimjag@gmail.com"
                },
                {
                    "name": "Marcus Bointon",
                    "email": "phpmailer@synchromedia.co.uk"
                },
                {
                    "name": "Andy Prevost",
                    "email": "codeworxtech@users.sourceforge.net"
                },
                {
                    "name": "Brent R. Matzelle"
                }
            ],
            "description": "PHPMailer is a full-featured email creation and transfer class for PHP",
            "time": "2017-01-09T09:33:47+00:00"
        },
        {
            "name": "phpspec/php-diff",
            "version": "v1.1.0",
            "source": {
                "type": "git",
                "url": "https://github.com/phpspec/php-diff.git",
                "reference": "0464787bfa7cd13576c5a1e318709768798bec6a"
            },
            "dist": {
                "type": "zip",
                "url": "https://packagist.phpcomposer.com/files/phpspec/php-diff/0464787bfa7cd13576c5a1e318709768798bec6a.zip",
                "reference": "0464787bfa7cd13576c5a1e318709768798bec6a",
                "shasum": ""
            },
            "type": "library",
            "extra": {
                "branch-alias": {
                    "dev-master": "1.0.x-dev"
                }
            },
            "autoload": {
                "psr-0": {
                    "Diff": "lib/"
                }
            },
            "notification-url": "https://packagist.org/downloads/",
            "license": [
                "BSD-3-Clause"
            ],
            "authors": [
                {
                    "name": "Chris Boulton",
                    "homepage": "http://github.com/chrisboulton"
                }
            ],
            "description": "A comprehensive library for generating differences between two hashable objects (strings or arrays).",
            "time": "2016-04-07T12:29:16+00:00"
        },
        {
            "name": "qiniu/php-sdk",
            "version": "v7.1.3",
            "source": {
                "type": "git",
                "url": "https://github.com/qiniu/php-sdk.git",
                "reference": "b91653485e36b4797d7a302cc86c49695e47a642"
            },
            "dist": {
                "type": "zip",
                "url": "https://packagist.phpcomposer.com/files/qiniu/php-sdk/b91653485e36b4797d7a302cc86c49695e47a642.zip",
                "reference": "b91653485e36b4797d7a302cc86c49695e47a642",
                "shasum": ""
            },
            "require": {
                "php": ">=5.3.3"
            },
            "require-dev": {
                "phpunit/phpunit": "~4.0",
                "squizlabs/php_codesniffer": "~2.3"
            },
            "type": "library",
            "autoload": {
                "psr-4": {
                    "Qiniu\\": "src/Qiniu"
                },
                "files": [
                    "src/Qiniu/functions.php"
                ]
            },
            "notification-url": "https://packagist.org/downloads/",
            "license": [
                "MIT"
            ],
            "authors": [
                {
                    "name": "Qiniu",
                    "email": "sdk@qiniu.com",
                    "homepage": "http://www.qiniu.com"
                }
            ],
            "description": "Qiniu Resource (Cloud) Storage SDK for PHP",
            "homepage": "http://developer.qiniu.com/",
            "keywords": [
                "cloud",
                "qiniu",
                "sdk",
                "storage"
            ],
            "time": "2016-11-18T02:57:31+00:00"
        }
    ],
    "packages-dev": [],
    "aliases": [],
    "minimum-stability": "stable",
    "stability-flags": [],
    "prefer-stable": false,
    "prefer-lowest": false,
    "platform": {
        "php": ">=5.3.0"
    },
    "platform-dev": []
}
